// !$*UTF8*$!
{
	archiveVersion = 1;
	classes = {
	};
	objectVersion = 56;
	objects = {

/* Begin PBXBuildFile section */
		EB4C166D2CF5ED7400DF4F7B /* Tarea.swift in Sources */ = {isa = PBXBuildFile; fileRef = EB4C166C2CF5ED7400DF4F7B /* Tarea.swift */; };
		EB4C166F2CF5EDD300DF4F7B /* Proyecto.swift in Sources */ = {isa = PBXBuildFile; fileRef = EB4C166E2CF5EDD300DF4F7B /* Proyecto.swift */; };
		EB4C16712CF5EFF000DF4F7B /* ListaProyectosView.swift in Sources */ = {isa = PBXBuildFile; fileRef = EB4C16702CF5EFF000DF4F7B /* ListaProyectosView.swift */; };
		EB4C16732CF5F1FE00DF4F7B /* RegistroProyectoView.swift in Sources */ = {isa = PBXBuildFile; fileRef = EB4C16722CF5F1FE00DF4F7B /* RegistroProyectoView.swift */; };
		EB4C16752CF5F48B00DF4F7B /* ListaTareasView.swift in Sources */ = {isa = PBXBuildFile; fileRef = EB4C16742CF5F48B00DF4F7B /* ListaTareasView.swift */; };
		EB4C16772CF5F6DC00DF4F7B /* RegistroTareaView.swift in Sources */ = {isa = PBXBuildFile; fileRef = EB4C16762CF5F6DC00DF4F7B /* RegistroTareaView.swift */; };
		EBC607802CF5EC96008675D0 /* Sesion05_bApp.swift in Sources */ = {isa = PBXBuildFile; fileRef = EBC6077F2CF5EC96008675D0 /* Sesion05_bApp.swift */; };
		EBC607822CF5EC96008675D0 /* ContentView.swift in Sources */ = {isa = PBXBuildFile; fileRef = EBC607812CF5EC96008675D0 /* ContentView.swift */; };
		EBC607842CF5EC99008675D0 /* Assets.xcassets in Resources */ = {isa = PBXBuildFile; fileRef = EBC607832CF5EC99008675D0 /* Assets.xcassets */; };
		EBC607872CF5EC99008675D0 /* Preview Assets.xcassets in Resources */ = {isa = PBXBuildFile; fileRef = EBC607862CF5EC99008675D0 /* Preview Assets.xcassets */; };
/* End PBXBuildFile section */

/* Begin PBXFileReference section */
		EB4C166C2CF5ED7400DF4F7B /* Tarea.swift */ = {isa = PBXFileReference; lastKnownFileType = sourcecode.swift; path = Tarea.swift; sourceTree = "<group>"; };
		EB4C166E2CF5EDD300DF4F7B /* Proyecto.swift */ = {isa = PBXFileReference; lastKnownFileType = sourcecode.swift; path = Proyecto.swift; sourceTree = "<group>"; };
		EB4C16702CF5EFF000DF4F7B /* ListaProyectosView.swift */ = {isa = PBXFileReference; lastKnownFileType = sourcecode.swift; path = ListaProyectosView.swift; sourceTree = "<group>"; };
		EB4C16722CF5F1FE00DF4F7B /* RegistroProyectoView.swift */ = {isa = PBXFileReference; lastKnownFileType = sourcecode.swift; path = RegistroProyectoView.swift; sourceTree = "<group>"; };
		EB4C16742CF5F48B00DF4F7B /* ListaTareasView.swift */ = {isa = PBXFileReference; lastKnownFileType = sourcecode.swift; path = ListaTareasView.swift; sourceTree = "<group>"; };
		EB4C16762CF5F6DC00DF4F7B /* RegistroTareaView.swift */ = {isa = PBXFileReference; lastKnownFileType = sourcecode.swift; path = RegistroTareaView.swift; sourceTree = "<group>"; };
		EBC6077C2CF5EC96008675D0 /* Sesion05-b.app */ = {isa = PBXFileReference; explicitFileType = wrapper.application; includeInIndex = 0; path = "Sesion05-b.app"; sourceTree = BUILT_PRODUCTS_DIR; };
		EBC6077F2CF5EC96008675D0 /* Sesion05_bApp.swift */ = {isa = PBXFileReference; lastKnownFileType = sourcecode.swift; path = Sesion05_bApp.swift; sourceTree = "<group>"; };
		EBC607812CF5EC96008675D0 /* ContentView.swift */ = {isa = PBXFileReference; lastKnownFileType = sourcecode.swift; path = ContentView.swift; sourceTree = "<group>"; };
		EBC607832CF5EC99008675D0 /* Assets.xcassets */ = {isa = PBXFileReference; lastKnownFileType = folder.assetcatalog; path = Assets.xcassets; sourceTree = "<group>"; };
		EBC607862CF5EC99008675D0 /* Preview Assets.xcassets */ = {isa = PBXFileReference; lastKnownFileType = folder.assetcatalog; path = "Preview Assets.xcassets"; sourceTree = "<group>"; };
/* End PBXFileReference section */

/* Begin PBXFrameworksBuildPhase section */
		EBC607792CF5EC96008675D0 /* Frameworks */ = {
			isa = PBXFrameworksBuildPhase;
			buildActionMask = 2147483647;
			files = (
			);
			runOnlyForDeploymentPostprocessing = 0;
		};
/* End PBXFrameworksBuildPhase section */

/* Begin PBXGroup section */
		EBC607732CF5EC96008675D0 = {
			isa = PBXGroup;
			children = (
				EBC6077E2CF5EC96008675D0 /* Sesion05-b */,
				EBC6077D2CF5EC96008675D0 /* Products */,
			);
			sourceTree = "<group>";
		};
		EBC6077D2CF5EC96008675D0 /* Products */ = {
			isa = PBXGroup;
			children = (
				EBC6077C2CF5EC96008675D0 /* Sesion05-b.app */,
			);
			name = Products;
			sourceTree = "<group>";
		};
		EBC6077E2CF5EC96008675D0 /* Sesion05-b */ = {
			isa = PBXGroup;
			children = (
				EBC6077F2CF5EC96008675D0 /* Sesion05_bApp.swift */,
				EBC607812CF5EC96008675D0 /* ContentView.swift */,
				EBC607832CF5EC99008675D0 /* Assets.xcassets */,
				EBC607852CF5EC99008675D0 /* Preview Content */,
				EB4C166C2CF5ED7400DF4F7B /* Tarea.swift */,
				EB4C166E2CF5EDD300DF4F7B /* Proyecto.swift */,
				EB4C16702CF5EFF000DF4F7B /* ListaProyectosView.swift */,
				EB4C16722CF5F1FE00DF4F7B /* RegistroProyectoView.swift */,
				EB4C16742CF5F48B00DF4F7B /* ListaTareasView.swift */,
				EB4C16762CF5F6DC00DF4F7B /* RegistroTareaView.swift */,
			);
			path = "Sesion05-b";
			sourceTree = "<group>";
		};
		EBC607852CF5EC99008675D0 /* Preview Content */ = {
			isa = PBXGroup;
			children = (
				EBC607862CF5EC99008675D0 /* Preview Assets.xcassets */,
			);
			path = "Preview Content";
			sourceTree = "<group>";
		};
/* End PBXGroup section */

/* Begin PBXNativeTarget section */
		EBC6077B2CF5EC96008675D0 /* Sesion05-b */ = {
			isa = PBXNativeTarget;
			buildConfigurationList = EBC6078A2CF5EC99008675D0 /* Build configuration list for PBXNativeTarget "Sesion05-b" */;
			buildPhases = (
				EBC607782CF5EC96008675D0 /* Sources */,
				EBC607792CF5EC96008675D0 /* Frameworks */,
				EBC6077A2CF5EC96008675D0 /* Resources */,
			);
			buildRules = (
			);
			dependencies = (
			);
			name = "Sesion05-b";
			productName = "Sesion05-b";
			productReference = EBC6077C2CF5EC96008675D0 /* Sesion05-b.app */;
			productType = "com.apple.product-type.application";
		};
/* End PBXNativeTarget section */

/* Begin PBXProject section */
		EBC607742CF5EC96008675D0 /* Project object */ = {
			isa = PBXProject;
			attributes = {
				BuildIndependentTargetsInParallel = 1;
				LastSwiftUpdateCheck = 1420;
				LastUpgradeCheck = 1420;
				TargetAttributes = {
					EBC6077B2CF5EC96008675D0 = {
						CreatedOnToolsVersion = 14.2;
					};
				};
			};
			buildConfigurationList = EBC607772CF5EC96008675D0 /* Build configuration list for PBXProject "Sesion05-b" */;
			compatibilityVersion = "Xcode 14.0";
			developmentRegion = en;
			hasScannedForEncodings = 0;
			knownRegions = (
				en,
				Base,
			);
			mainGroup = EBC607732CF5EC96008675D0;
			productRefGroup = EBC6077D2CF5EC96008675D0 /* Products */;
			projectDirPath = "";
			projectRoot = "";
			targets = (
				EBC6077B2CF5EC96008675D0 /* Sesion05-b */,
			);
		};
/* End PBXProject section */

/* Begin PBXResourcesBuildPhase section */
		EBC6077A2CF5EC96008675D0 /* Resources */ = {
			isa = PBXResourcesBuildPhase;
			buildActionMask = 2147483647;
			files = (
				EBC607872CF5EC99008675D0 /* Preview Assets.xcassets in Resources */,
				EBC607842CF5EC99008675D0 /* Assets.xcassets in Resources */,
			);
			runOnlyForDeploymentPostprocessing = 0;
		};
/* End PBXResourcesBuildPhase section */

/* Begin PBXSourcesBuildPhase section */
		EBC607782CF5EC96008675D0 /* Sources */ = {
			isa = PBXSourcesBuildPhase;
			buildActionMask = 2147483647;
			files = (
				EBC607822CF5EC96008675D0 /* ContentView.swift in Sources */,
				EB4C16772CF5F6DC00DF4F7B /* RegistroTareaView.swift in Sources */,
				EBC607802CF5EC96008675D0 /* Sesion05_bApp.swift in Sources */,
				EB4C16732CF5F1FE00DF4F7B /* RegistroProyectoView.swift in Sources */,
				EB4C166F2CF5EDD300DF4F7B /* Proyecto.swift in Sources */,
				EB4C16712CF5EFF000DF4F7B /* ListaProyectosView.swift in Sources */,
				EB4C166D2CF5ED7400DF4F7B /* Tarea.swift in Sources */,
				EB4C16752CF5F48B00DF4F7B /* ListaTareasView.swift in Sources */,
			);
			runOnlyForDeploymentPostprocessing = 0;
		};
/* End PBXSourcesBuildPhase section */

/* Begin XCBuildConfiguration section */
		EBC607882CF5EC99008675D0 /* Debug */ = {
			isa = XCBuildConfiguration;
			buildSettings = {
				ALWAYS_SEARCH_USER_PATHS = NO;
				CLANG_ANALYZER_NONNULL = YES;
				CLANG_ANALYZER_NUMBER_OBJECT_CONVERSION = YES_AGGRESSIVE;
				CLANG_CXX_LANGUAGE_STANDARD = "gnu++20";
				CLANG_ENABLE_MODULES = YES;
				CLANG_ENABLE_OBJC_ARC = YES;
				CLANG_ENABLE_OBJC_WEAK = YES;
				CLANG_WARN_BLOCK_CAPTURE_AUTORELEASING = YES;
				CLANG_WARN_BOOL_CONVERSION = YES;
				CLANG_WARN_COMMA = YES;
				CLANG_WARN_CONSTANT_CONVERSION = YES;
				CLANG_WARN_DEPRECATED_OBJC_IMPLEMENTATIONS = YES;
				CLANG_WARN_DIRECT_OBJC_ISA_USAGE = YES_ERROR;
				CLANG_WARN_DOCUMENTATION_COMMENTS = YES;
				CLANG_WARN_EMPTY_BODY = YES;
				CLANG_WARN_ENUM_CONVERSION = YES;
				CLANG_WARN_INFINITE_RECURSION = YES;
				CLANG_WARN_INT_CONVERSION = YES;
				CLANG_WARN_NON_LITERAL_NULL_CONVERSION = YES;
				CLANG_WARN_OBJC_IMPLICIT_RETAIN_SELF = YES;
				CLANG_WARN_OBJC_LITERAL_CONVERSION = YES;
				CLANG_WARN_OBJC_ROOT_CLASS = YES_ERROR;
				CLANG_WARN_QUOTED_INCLUDE_IN_FRAMEWORK_HEADER = YES;
				CLANG_WARN_RANGE_LOOP_ANALYSIS = YES;
				CLANG_WARN_STRICT_PROTOTYPES = YES;
				CLANG_WARN_SUSPICIOUS_MOVE = YES;
				CLANG_WARN_UNGUARDED_AVAILABILITY = YES_AGGRESSIVE;
				CLANG_WARN_UNREACHABLE_CODE = YES;
				CLANG_WARN__DUPLICATE_METHOD_MATCH = YES;
				COPY_PHASE_STRIP = NO;
				DEBUG_INFORMATION_FORMAT = dwarf;
				ENABLE_STRICT_OBJC_MSGSEND = YES;
				ENABLE_TESTABILITY = YES;
				GCC_C_LANGUAGE_STANDARD = gnu11;
				GCC_DYNAMIC_NO_PIC = NO;
				GCC_NO_COMMON_BLOCKS = YES;
				GCC_OPTIMIZATION_LEVEL = 0;
				GCC_PREPROCESSOR_DEFINITIONS = (
					"DEBUG=1",
					"$(inherited)",
				);
				GCC_WARN_64_TO_32_BIT_CONVERSION = YES;
				GCC_WARN_ABOUT_RETURN_TYPE = YES_ERROR;
				GCC_WARN_UNDECLARED_SELECTOR = YES;
				GCC_WARN_UNINITIALIZED_AUTOS = YES_AGGRESSIVE;
				GCC_WARN_UNUSED_FUNCTION = YES;
				GCC_WARN_UNUSED_VARIABLE = YES;
				IPHONEOS_DEPLOYMENT_TARGET = 16.2;
				MTL_ENABLE_DEBUG_INFO = INCLUDE_SOURCE;
				MTL_FAST_MATH = YES;
				ONLY_ACTIVE_ARCH = YES;
				SDKROOT = iphoneos;
				SWIFT_ACTIVE_COMPILATION_CONDITIONS = DEBUG;
				SWIFT_OPTIMIZATION_LEVEL = "-Onone";
			};
			name = Debug;
		};
		EBC607892CF5EC99008675D0 /* Release */ = {
			isa = XCBuildConfiguration;
			buildSettings = {
				ALWAYS_SEARCH_USER_PATHS = NO;
				CLANG_ANALYZER_NONNULL = YES;
				CLANG_ANALYZER_NUMBER_OBJECT_CONVERSION = YES_AGGRESSIVE;
				CLANG_CXX_LANGUAGE_STANDARD = "gnu++20";
				CLANG_ENABLE_MODULES = YES;
				CLANG_ENABLE_OBJC_ARC = YES;
				CLANG_ENABLE_OBJC_WEAK = YES;
				CLANG_WARN_BLOCK_CAPTURE_AUTORELEASING = YES;
				CLANG_WARN_BOOL_CONVERSION = YES;
				CLANG_WARN_COMMA = YES;
				CLANG_WARN_CONSTANT_CONVERSION = YES;
				CLANG_WARN_DEPRECATED_OBJC_IMPLEMENTATIONS = YES;
				CLANG_WARN_DIRECT_OBJC_ISA_USAGE = YES_ERROR;
				CLANG_WARN_DOCUMENTATION_COMMENTS = YES;
				CLANG_WARN_EMPTY_BODY = YES;
				CLANG_WARN_ENUM_CONVERSION = YES;
				CLANG_WARN_INFINITE_RECURSION = YES;
				CLANG_WARN_INT_CONVERSION = YES;
				CLANG_WARN_NON_LITERAL_NULL_CONVERSION = YES;
				CLANG_WARN_OBJC_IMPLICIT_RETAIN_SELF = YES;
				CLANG_WARN_OBJC_LITERAL_CONVERSION = YES;
				CLANG_WARN_OBJC_ROOT_CLASS = YES_ERROR;
				CLANG_WARN_QUOTED_INCLUDE_IN_FRAMEWORK_HEADER = YES;
				CLANG_WARN_RANGE_LOOP_ANALYSIS = YES;
				CLANG_WARN_STRICT_PROTOTYPES = YES;
				CLANG_WARN_SUSPICIOUS_MOVE = YES;
				CLANG_WARN_UNGUARDED_AVAILABILITY = YES_AGGRESSIVE;
				CLANG_WARN_UNREACHABLE_CODE = YES;
				CLANG_WARN__DUPLICATE_METHOD_MATCH = YES;
				COPY_PHASE_STRIP = NO;
				DEBUG_INFORMATION_FORMAT = "dwarf-with-dsym";
				ENABLE_NS_ASSERTIONS = NO;
				ENABLE_STRICT_OBJC_MSGSEND = YES;
				GCC_C_LANGUAGE_STANDARD = gnu11;
				GCC_NO_COMMON_BLOCKS = YES;
				GCC_WARN_64_TO_32_BIT_CONVERSION = YES;
				GCC_WARN_ABOUT_RETURN_TYPE = YES_ERROR;
				GCC_WARN_UNDECLARED_SELECTOR = YES;
				GCC_WARN_UNINITIALIZED_AUTOS = YES_AGGRESSIVE;
				GCC_WARN_UNUSED_FUNCTION = YES;
				GCC_WARN_UNUSED_VARIABLE = YES;
				IPHONEOS_DEPLOYMENT_TARGET = 16.2;
				MTL_ENABLE_DEBUG_INFO = NO;
				MTL_FAST_MATH = YES;
				SDKROOT = iphoneos;
				SWIFT_COMPILATION_MODE = wholemodule;
				SWIFT_OPTIMIZATION_LEVEL = "-O";
				VALIDATE_PRODUCT = YES;
			};
			name = Release;
		};
		EBC6078B2CF5EC99008675D0 /* Debug */ = {
			isa = XCBuildConfiguration;
			buildSettings = {
				ASSETCATALOG_COMPILER_APPICON_NAME = AppIcon;
				ASSETCATALOG_COMPILER_GLOBAL_ACCENT_COLOR_NAME = AccentColor;
				CODE_SIGN_STYLE = Automatic;
				CURRENT_PROJECT_VERSION = 1;
				DEVELOPMENT_ASSET_PATHS = "\"Sesion05-b/Preview Content\"";
				ENABLE_PREVIEWS = YES;
				GENERATE_INFOPLIST_FILE = YES;
				INFOPLIST_KEY_UIApplicationSceneManifest_Generation = YES;
				INFOPLIST_KEY_UIApplicationSupportsIndirectInputEvents = YES;
				INFOPLIST_KEY_UILaunchScreen_Generation = YES;
				INFOPLIST_KEY_UISupportedInterfaceOrientations_iPad = "UIInterfaceOrientationPortrait UIInterfaceOrientationPortraitUpsideDown UIInterfaceOrientationLandscapeLeft UIInterfaceOrientationLandscapeRight";
				INFOPLIST_KEY_UISupportedInterfaceOrientations_iPhone = "UIInterfaceOrientationPortrait UIInterfaceOrientationLandscapeLeft UIInterfaceOrientationLandscapeRight";
				LD_RUNPATH_SEARCH_PATHS = (
					"$(inherited)",
					"@executable_path/Frameworks",
				);
				MARKETING_VERSION = 1.0;
				PRODUCT_BUNDLE_IDENTIFIER = "cibertec.Sesion05-b";
				PRODUCT_NAME = "$(TARGET_NAME)";
				SWIFT_EMIT_LOC_STRINGS = YES;
				SWIFT_VERSION = 5.0;
				TARGETED_DEVICE_FAMILY = "1,2";
			};
			name = Debug;
		};
		EBC6078C2CF5EC99008675D0 /* Release */ = {
			isa = XCBuildConfiguration;
			buildSettings = {
				ASSETCATALOG_COMPILER_APPICON_NAME = AppIcon;
				ASSETCATALOG_COMPILER_GLOBAL_ACCENT_COLOR_NAME = AccentColor;
				CODE_SIGN_STYLE = Automatic;
				CURRENT_PROJECT_VERSION = 1;
				DEVELOPMENT_ASSET_PATHS = "\"Sesion05-b/Preview Content\"";
				ENABLE_PREVIEWS = YES;
				GENERATE_INFOPLIST_FILE = YES;
				INFOPLIST_KEY_UIApplicationSceneManifest_Generation = YES;
				INFOPLIST_KEY_UIApplicationSupportsIndirectInputEvents = YES;
				INFOPLIST_KEY_UILaunchScreen_Generation = YES;
				INFOPLIST_KEY_UISupportedInterfaceOrientations_iPad = "UIInterfaceOrientationPortrait UIInterfaceOrientationPortraitUpsideDown UIInterfaceOrientationLandscapeLeft UIInterfaceOrientationLandscapeRight";
				INFOPLIST_KEY_UISupportedInterfaceOrientations_iPhone = "UIInterfaceOrientationPortrait UIInterfaceOrientationLandscapeLeft UIInterfaceOrientationLandscapeRight";
				LD_RUNPATH_SEARCH_PATHS = (
					"$(inherited)",
					"@executable_path/Frameworks",
				);
				MARKETING_VERSION = 1.0;
				PRODUCT_BUNDLE_IDENTIFIER = "cibertec.Sesion05-b";
				PRODUCT_NAME = "$(TARGET_NAME)";
				SWIFT_EMIT_LOC_STRINGS = YES;
				SWIFT_VERSION = 5.0;
				TARGETED_DEVICE_FAMILY = "1,2";
			};
			name = Release;
		};
/* End XCBuildConfiguration section */

/* Begin XCConfigurationList section */
		EBC607772CF5EC96008675D0 /* Build configuration list for PBXProject "Sesion05-b" */ = {
			isa = XCConfigurationList;
			buildConfigurations = (
				EBC607882CF5EC99008675D0 /* Debug */,
				EBC607892CF5EC99008675D0 /* Release */,
			);
			defaultConfigurationIsVisible = 0;
			defaultConfigurationName = Release;
		};
		EBC6078A2CF5EC99008675D0 /* Build configuration list for PBXNativeTarget "Sesion05-b" */ = {
			isa = XCConfigurationList;
			buildConfigurations = (
				EBC6078B2CF5EC99008675D0 /* Debug */,
				EBC6078C2CF5EC99008675D0 /* Release */,
			);
			defaultConfigurationIsVisible = 0;
			defaultConfigurationName = Release;
		};
/* End XCConfigurationList section */
	};
	rootObject = EBC607742CF5EC96008675D0 /* Project object */;
}
